// !$*UTF8*$!
{
	archiveVersion = 1;
	classes = {
	};
	objectVersion = 46;
	objects = {

/* Begin PBXBuildFile section */
		173C46E31BBE92490033620A /* Candy.swift in Sources */ = {isa = PBXBuildFile; fileRef = 173C46E21BBE92490033620A /* Candy.swift */; };
		174556411BBD68B6001F7B02 /* String+Candy.swift in Sources */ = {isa = PBXBuildFile; fileRef = 174556401BBD68B6001F7B02 /* String+Candy.swift */; };
		17543D4F1BBBAAF400AADDF9 /* CandyTextField.swift in Sources */ = {isa = PBXBuildFile; fileRef = 17543D4E1BBBAAF400AADDF9 /* CandyTextField.swift */; };
		17543D511BBBE0C200AADDF9 /* ActivityIndicatorView.swift in Sources */ = {isa = PBXBuildFile; fileRef = 17543D501BBBE0C200AADDF9 /* ActivityIndicatorView.swift */; };
		17543D5B1BBBF08700AADDF9 /* true-crimes.ttf in Resources */ = {isa = PBXBuildFile; fileRef = 17543D5A1BBBF08700AADDF9 /* true-crimes.ttf */; };
		17543D5D1BBBF5EA00AADDF9 /* UIFont+Candy.swift in Sources */ = {isa = PBXBuildFile; fileRef = 17543D5C1BBBF5EA00AADDF9 /* UIFont+Candy.swift */; };
		17543D5F1BBBF61500AADDF9 /* UIColor+Candy.swift in Sources */ = {isa = PBXBuildFile; fileRef = 17543D5E1BBBF61500AADDF9 /* UIColor+Candy.swift */; };
		17543D651BBC2D0000AADDF9 /* ApiClient.swift in Sources */ = {isa = PBXBuildFile; fileRef = 17543D641BBC2D0000AADDF9 /* ApiClient.swift */; };
		1754D88C1BBCFD8500AFD6A0 /* Alert+Candy.swift in Sources */ = {isa = PBXBuildFile; fileRef = 1754D88B1BBCFD8500AFD6A0 /* Alert+Candy.swift */; };
		1754D88E1BBCFF7400AFD6A0 /* InstagramManager.swift in Sources */ = {isa = PBXBuildFile; fileRef = 1754D88D1BBCFF7400AFD6A0 /* InstagramManager.swift */; };
		17E77D871BBA8D6500C27CF9 /* AppDelegate.swift in Sources */ = {isa = PBXBuildFile; fileRef = 17E77D861BBA8D6500C27CF9 /* AppDelegate.swift */; };
		17E77D8A1BBA8D6500C27CF9 /* Candy_Counter.xcdatamodeld in Sources */ = {isa = PBXBuildFile; fileRef = 17E77D881BBA8D6500C27CF9 /* Candy_Counter.xcdatamodeld */; };
		17E77D8F1BBA8D6500C27CF9 /* Main.storyboard in Resources */ = {isa = PBXBuildFile; fileRef = 17E77D8D1BBA8D6500C27CF9 /* Main.storyboard */; };
		17E77D911BBA8D6500C27CF9 /* Images.xcassets in Resources */ = {isa = PBXBuildFile; fileRef = 17E77D901BBA8D6500C27CF9 /* Images.xcassets */; };
		17E77D941BBA8D6500C27CF9 /* LaunchScreen.xib in Resources */ = {isa = PBXBuildFile; fileRef = 17E77D921BBA8D6500C27CF9 /* LaunchScreen.xib */; };
		17E77DA01BBA8D6600C27CF9 /* Candy_CounterTests.swift in Sources */ = {isa = PBXBuildFile; fileRef = 17E77D9F1BBA8D6600C27CF9 /* Candy_CounterTests.swift */; };
		17E77DB01BBAA31300C27CF9 /* CandyTypeController.swift in Sources */ = {isa = PBXBuildFile; fileRef = 17E77DAF1BBAA31300C27CF9 /* CandyTypeController.swift */; };
		17E77DB21BBAA38500C27CF9 /* BaseController.swift in Sources */ = {isa = PBXBuildFile; fileRef = 17E77DB11BBAA38500C27CF9 /* BaseController.swift */; };
		17E77DB41BBABBEC00C27CF9 /* AddCandyController.swift in Sources */ = {isa = PBXBuildFile; fileRef = 17E77DB31BBABBEB00C27CF9 /* AddCandyController.swift */; };
		17E77DB61BBAC62E00C27CF9 /* TreatsTotalView.swift in Sources */ = {isa = PBXBuildFile; fileRef = 17E77DB51BBAC62E00C27CF9 /* TreatsTotalView.swift */; };
		B1013857ACFC5F47C17E2A51 /* libPods-Candy_Counter.a in Frameworks */ = {isa = PBXBuildFile; fileRef = 0C974296DD4D7E797B4C1076 /* libPods-Candy_Counter.a */; };
/* End PBXBuildFile section */

/* Begin PBXContainerItemProxy section */
		17E77D9A1BBA8D6600C27CF9 /* PBXContainerItemProxy */ = {
			isa = PBXContainerItemProxy;
			containerPortal = 17E77D791BBA8D6500C27CF9 /* Project object */;
			proxyType = 1;
			remoteGlobalIDString = 17E77D801BBA8D6500C27CF9;
			remoteInfo = Candy_Counter;
		};
/* End PBXContainerItemProxy section */

/* Begin PBXFileReference section */
		0C974296DD4D7E797B4C1076 /* libPods-Candy_Counter.a */ = {isa = PBXFileReference; explicitFileType = archive.ar; includeInIndex = 0; path = "libPods-Candy_Counter.a"; sourceTree = BUILT_PRODUCTS_DIR; };
		173C46E21BBE92490033620A /* Candy.swift */ = {isa = PBXFileReference; fileEncoding = 4; lastKnownFileType = sourcecode.swift; path = Candy.swift; sourceTree = "<group>"; };
		174556401BBD68B6001F7B02 /* String+Candy.swift */ = {isa = PBXFileReference; fileEncoding = 4; lastKnownFileType = sourcecode.swift; path = "String+Candy.swift"; sourceTree = "<group>"; };
		17543D4E1BBBAAF400AADDF9 /* CandyTextField.swift */ = {isa = PBXFileReference; fileEncoding = 4; lastKnownFileType = sourcecode.swift; path = CandyTextField.swift; sourceTree = "<group>"; };
		17543D501BBBE0C200AADDF9 /* ActivityIndicatorView.swift */ = {isa = PBXFileReference; fileEncoding = 4; lastKnownFileType = sourcecode.swift; path = ActivityIndicatorView.swift; sourceTree = "<group>"; };
		17543D5A1BBBF08700AADDF9 /* true-crimes.ttf */ = {isa = PBXFileReference; lastKnownFileType = file; path = "true-crimes.ttf"; sourceTree = "<group>"; };
		17543D5C1BBBF5EA00AADDF9 /* UIFont+Candy.swift */ = {isa = PBXFileReference; fileEncoding = 4; lastKnownFileType = sourcecode.swift; path = "UIFont+Candy.swift"; sourceTree = "<group>"; };
		17543D5E1BBBF61500AADDF9 /* UIColor+Candy.swift */ = {isa = PBXFileReference; fileEncoding = 4; lastKnownFileType = sourcecode.swift; path = "UIColor+Candy.swift"; sourceTree = "<group>"; };
		17543D641BBC2D0000AADDF9 /* ApiClient.swift */ = {isa = PBXFileReference; fileEncoding = 4; lastKnownFileType = sourcecode.swift; path = ApiClient.swift; sourceTree = "<group>"; };
		17543D661BBC2D4A00AADDF9 /* Candy-Bridging.h */ = {isa = PBXFileReference; fileEncoding = 4; lastKnownFileType = sourcecode.c.h; path = "Candy-Bridging.h"; sourceTree = "<group>"; };
		17543D671BBC2D4A00AADDF9 /* Candy-Prefix.pch */ = {isa = PBXFileReference; fileEncoding = 4; lastKnownFileType = sourcecode.c.h; path = "Candy-Prefix.pch"; sourceTree = "<group>"; };
		1754D88B1BBCFD8500AFD6A0 /* Alert+Candy.swift */ = {isa = PBXFileReference; fileEncoding = 4; lastKnownFileType = sourcecode.swift; path = "Alert+Candy.swift"; sourceTree = "<group>"; };
		1754D88D1BBCFF7400AFD6A0 /* InstagramManager.swift */ = {isa = PBXFileReference; fileEncoding = 4; lastKnownFileType = sourcecode.swift; path = InstagramManager.swift; sourceTree = "<group>"; };
		17E77D811BBA8D6500C27CF9 /* Candy_Counter.app */ = {isa = PBXFileReference; explicitFileType = wrapper.application; includeInIndex = 0; path = Candy_Counter.app; sourceTree = BUILT_PRODUCTS_DIR; };
		17E77D851BBA8D6500C27CF9 /* Info.plist */ = {isa = PBXFileReference; lastKnownFileType = text.plist.xml; path = Info.plist; sourceTree = "<group>"; };
		17E77D861BBA8D6500C27CF9 /* AppDelegate.swift */ = {isa = PBXFileReference; lastKnownFileType = sourcecode.swift; path = AppDelegate.swift; sourceTree = "<group>"; };
		17E77D891BBA8D6500C27CF9 /* Candy_Counter.xcdatamodel */ = {isa = PBXFileReference; lastKnownFileType = wrapper.xcdatamodel; path = Candy_Counter.xcdatamodel; sourceTree = "<group>"; };
		17E77D8E1BBA8D6500C27CF9 /* Base */ = {isa = PBXFileReference; lastKnownFileType = file.storyboard; name = Base; path = Base.lproj/Main.storyboard; sourceTree = "<group>"; };
		17E77D901BBA8D6500C27CF9 /* Images.xcassets */ = {isa = PBXFileReference; lastKnownFileType = folder.assetcatalog; path = Images.xcassets; sourceTree = "<group>"; };
		17E77D931BBA8D6500C27CF9 /* Base */ = {isa = PBXFileReference; lastKnownFileType = file.xib; name = Base; path = Base.lproj/LaunchScreen.xib; sourceTree = "<group>"; };
		17E77D991BBA8D6600C27CF9 /* Candy_CounterTests.xctest */ = {isa = PBXFileReference; explicitFileType = wrapper.cfbundle; includeInIndex = 0; path = Candy_CounterTests.xctest; sourceTree = BUILT_PRODUCTS_DIR; };
		17E77D9E1BBA8D6600C27CF9 /* Info.plist */ = {isa = PBXFileReference; lastKnownFileType = text.plist.xml; path = Info.plist; sourceTree = "<group>"; };
		17E77D9F1BBA8D6600C27CF9 /* Candy_CounterTests.swift */ = {isa = PBXFileReference; lastKnownFileType = sourcecode.swift; path = Candy_CounterTests.swift; sourceTree = "<group>"; };
		17E77DAF1BBAA31300C27CF9 /* CandyTypeController.swift */ = {isa = PBXFileReference; fileEncoding = 4; lastKnownFileType = sourcecode.swift; path = CandyTypeController.swift; sourceTree = "<group>"; };
		17E77DB11BBAA38500C27CF9 /* BaseController.swift */ = {isa = PBXFileReference; fileEncoding = 4; lastKnownFileType = sourcecode.swift; path = BaseController.swift; sourceTree = "<group>"; };
		17E77DB31BBABBEB00C27CF9 /* AddCandyController.swift */ = {isa = PBXFileReference; fileEncoding = 4; lastKnownFileType = sourcecode.swift; path = AddCandyController.swift; sourceTree = "<group>"; };
		17E77DB51BBAC62E00C27CF9 /* TreatsTotalView.swift */ = {isa = PBXFileReference; fileEncoding = 4; lastKnownFileType = sourcecode.swift; path = TreatsTotalView.swift; sourceTree = "<group>"; };
		88836399287A043E7E927337 /* Pods-Candy_Counter.release.xcconfig */ = {isa = PBXFileReference; includeInIndex = 1; lastKnownFileType = text.xcconfig; name = "Pods-Candy_Counter.release.xcconfig"; path = "Pods/Target Support Files/Pods-Candy_Counter/Pods-Candy_Counter.release.xcconfig"; sourceTree = "<group>"; };
		CE554476CCA592ECEB3B6299 /* Pods-Candy_Counter.debug.xcconfig */ = {isa = PBXFileReference; includeInIndex = 1; lastKnownFileType = text.xcconfig; name = "Pods-Candy_Counter.debug.xcconfig"; path = "Pods/Target Support Files/Pods-Candy_Counter/Pods-Candy_Counter.debug.xcconfig"; sourceTree = "<group>"; };
/* End PBXFileReference section */

/* Begin PBXFrameworksBuildPhase section */
		17E77D7E1BBA8D6500C27CF9 /* Frameworks */ = {
			isa = PBXFrameworksBuildPhase;
			buildActionMask = 2147483647;
			files = (
				B1013857ACFC5F47C17E2A51 /* libPods-Candy_Counter.a in Frameworks */,
			);
			runOnlyForDeploymentPostprocessing = 0;
		};
		17E77D961BBA8D6600C27CF9 /* Frameworks */ = {
			isa = PBXFrameworksBuildPhase;
			buildActionMask = 2147483647;
			files = (
			);
			runOnlyForDeploymentPostprocessing = 0;
		};
/* End PBXFrameworksBuildPhase section */

/* Begin PBXGroup section */
		17543D4D1BBBAAD300AADDF9 /* Common */ = {
			isa = PBXGroup;
			children = (
				17543D501BBBE0C200AADDF9 /* ActivityIndicatorView.swift */,
				17543D4E1BBBAAF400AADDF9 /* CandyTextField.swift */,
			);
			path = Common;
			sourceTree = "<group>";
		};
		17543D631BBC2CCE00AADDF9 /* Api */ = {
			isa = PBXGroup;
			children = (
				17543D641BBC2D0000AADDF9 /* ApiClient.swift */,
			);
			path = Api;
			sourceTree = "<group>";
		};
		1754D88F1BBD259400AFD6A0 /* Models */ = {
			isa = PBXGroup;
			children = (
				173C46E21BBE92490033620A /* Candy.swift */,
			);
			path = Models;
			sourceTree = "<group>";
		};
		17E77D781BBA8D6500C27CF9 = {
			isa = PBXGroup;
			children = (
				17E77D831BBA8D6500C27CF9 /* Candy_Counter */,
				17E77D9C1BBA8D6600C27CF9 /* Candy_CounterTests */,
				17E77D821BBA8D6500C27CF9 /* Products */,
				CE8EC89548E1ADA17D603F6A /* Pods */,
				7A40C35A70C2E446E332680B /* Frameworks */,
			);
			sourceTree = "<group>";
		};
		17E77D821BBA8D6500C27CF9 /* Products */ = {
			isa = PBXGroup;
			children = (
				17E77D811BBA8D6500C27CF9 /* Candy_Counter.app */,
				17E77D991BBA8D6600C27CF9 /* Candy_CounterTests.xctest */,
			);
			name = Products;
			sourceTree = "<group>";
		};
		17E77D831BBA8D6500C27CF9 /* Candy_Counter */ = {
			isa = PBXGroup;
			children = (
				1754D88F1BBD259400AFD6A0 /* Models */,
				17E77DA91BBA951200C27CF9 /* Controllers */,
				17E77DAC1BBA951200C27CF9 /* Lib */,
				17E77DAE1BBA951200C27CF9 /* Views */,
				17E77D861BBA8D6500C27CF9 /* AppDelegate.swift */,
				17E77D901BBA8D6500C27CF9 /* Images.xcassets */,
				17E77D881BBA8D6500C27CF9 /* Candy_Counter.xcdatamodeld */,
				17E77D841BBA8D6500C27CF9 /* Supporting Files */,
			);
			path = Candy_Counter;
			sourceTree = "<group>";
		};
		17E77D841BBA8D6500C27CF9 /* Supporting Files */ = {
			isa = PBXGroup;
			children = (
				17543D661BBC2D4A00AADDF9 /* Candy-Bridging.h */,
				17543D671BBC2D4A00AADDF9 /* Candy-Prefix.pch */,
				17543D5A1BBBF08700AADDF9 /* true-crimes.ttf */,
				17E77D851BBA8D6500C27CF9 /* Info.plist */,
			);
			name = "Supporting Files";
			sourceTree = "<group>";
		};
		17E77D9C1BBA8D6600C27CF9 /* Candy_CounterTests */ = {
			isa = PBXGroup;
			children = (
				17E77D9F1BBA8D6600C27CF9 /* Candy_CounterTests.swift */,
				17E77D9D1BBA8D6600C27CF9 /* Supporting Files */,
			);
			path = Candy_CounterTests;
			sourceTree = "<group>";
		};
		17E77D9D1BBA8D6600C27CF9 /* Supporting Files */ = {
			isa = PBXGroup;
			children = (
				17E77D9E1BBA8D6600C27CF9 /* Info.plist */,
			);
			name = "Supporting Files";
			sourceTree = "<group>";
		};
		17E77DA91BBA951200C27CF9 /* Controllers */ = {
			isa = PBXGroup;
			children = (
				17E77DAA1BBA951200C27CF9 /* BaseControllers */,
				17E77DAB1BBA951200C27CF9 /* ViewControllers */,
			);
			path = Controllers;
			sourceTree = "<group>";
		};
		17E77DAA1BBA951200C27CF9 /* BaseControllers */ = {
			isa = PBXGroup;
			children = (
				17E77DB11BBAA38500C27CF9 /* BaseController.swift */,
				17E77DB51BBAC62E00C27CF9 /* TreatsTotalView.swift */,
				1754D88D1BBCFF7400AFD6A0 /* InstagramManager.swift */,
			);
			path = BaseControllers;
			sourceTree = "<group>";
		};
		17E77DAB1BBA951200C27CF9 /* ViewControllers */ = {
			isa = PBXGroup;
			children = (
				17E77DAF1BBAA31300C27CF9 /* CandyTypeController.swift */,
				17E77DB31BBABBEB00C27CF9 /* AddCandyController.swift */,
			);
			path = ViewControllers;
			sourceTree = "<group>";
		};
		17E77DAC1BBA951200C27CF9 /* Lib */ = {
			isa = PBXGroup;
			children = (
				17543D631BBC2CCE00AADDF9 /* Api */,
				17543D4D1BBBAAD300AADDF9 /* Common */,
				17E77DAD1BBA951200C27CF9 /* Extensions */,
			);
			path = Lib;
			sourceTree = "<group>";
		};
		17E77DAD1BBA951200C27CF9 /* Extensions */ = {
			isa = PBXGroup;
			children = (
				17543D5C1BBBF5EA00AADDF9 /* UIFont+Candy.swift */,
				17543D5E1BBBF61500AADDF9 /* UIColor+Candy.swift */,
				1754D88B1BBCFD8500AFD6A0 /* Alert+Candy.swift */,
				174556401BBD68B6001F7B02 /* String+Candy.swift */,
			);
			path = Extensions;
			sourceTree = "<group>";
		};
		17E77DAE1BBA951200C27CF9 /* Views */ = {
			isa = PBXGroup;
			children = (
				17E77D8D1BBA8D6500C27CF9 /* Main.storyboard */,
				17E77D921BBA8D6500C27CF9 /* LaunchScreen.xib */,
			);
			path = Views;
			sourceTree = "<group>";
		};
		7A40C35A70C2E446E332680B /* Frameworks */ = {
			isa = PBXGroup;
			children = (
				0C974296DD4D7E797B4C1076 /* libPods-Candy_Counter.a */,
			);
			name = Frameworks;
			sourceTree = "<group>";
		};
		CE8EC89548E1ADA17D603F6A /* Pods */ = {
			isa = PBXGroup;
			children = (
				CE554476CCA592ECEB3B6299 /* Pods-Candy_Counter.debug.xcconfig */,
				88836399287A043E7E927337 /* Pods-Candy_Counter.release.xcconfig */,
			);
			name = Pods;
			sourceTree = "<group>";
		};
/* End PBXGroup section */

/* Begin PBXNativeTarget section */
		17E77D801BBA8D6500C27CF9 /* Candy_Counter */ = {
			isa = PBXNativeTarget;
			buildConfigurationList = 17E77DA31BBA8D6600C27CF9 /* Build configuration list for PBXNativeTarget "Candy_Counter" */;
			buildPhases = (
				340A4AA2E29755921CF6965C /* Check Pods Manifest.lock */,
				17E77D7D1BBA8D6500C27CF9 /* Sources */,
				17E77D7E1BBA8D6500C27CF9 /* Frameworks */,
				17E77D7F1BBA8D6500C27CF9 /* Resources */,
				035E08AC550D929DD2D790D1 /* Copy Pods Resources */,
			);
			buildRules = (
			);
			dependencies = (
			);
			name = Candy_Counter;
			productName = Candy_Counter;
			productReference = 17E77D811BBA8D6500C27CF9 /* Candy_Counter.app */;
			productType = "com.apple.product-type.application";
		};
		17E77D981BBA8D6600C27CF9 /* Candy_CounterTests */ = {
			isa = PBXNativeTarget;
			buildConfigurationList = 17E77DA61BBA8D6600C27CF9 /* Build configuration list for PBXNativeTarget "Candy_CounterTests" */;
			buildPhases = (
				17E77D951BBA8D6600C27CF9 /* Sources */,
				17E77D961BBA8D6600C27CF9 /* Frameworks */,
				17E77D971BBA8D6600C27CF9 /* Resources */,
			);
			buildRules = (
			);
			dependencies = (
				17E77D9B1BBA8D6600C27CF9 /* PBXTargetDependency */,
			);
			name = Candy_CounterTests;
			productName = Candy_CounterTests;
			productReference = 17E77D991BBA8D6600C27CF9 /* Candy_CounterTests.xctest */;
			productType = "com.apple.product-type.bundle.unit-test";
		};
/* End PBXNativeTarget section */

/* Begin PBXProject section */
		17E77D791BBA8D6500C27CF9 /* Project object */ = {
			isa = PBXProject;
			attributes = {
				LastSwiftUpdateCheck = 0700;
				LastUpgradeCheck = 0640;
				ORGANIZATIONNAME = GrepRuby3;
				TargetAttributes = {
					17E77D801BBA8D6500C27CF9 = {
						CreatedOnToolsVersion = 6.4;
						DevelopmentTeam = 83U27DZH5K;
					};
					17E77D981BBA8D6600C27CF9 = {
						CreatedOnToolsVersion = 6.4;
						TestTargetID = 17E77D801BBA8D6500C27CF9;
					};
				};
			};
			buildConfigurationList = 17E77D7C1BBA8D6500C27CF9 /* Build configuration list for PBXProject "Candy_Counter" */;
			compatibilityVersion = "Xcode 3.2";
			developmentRegion = English;
			hasScannedForEncodings = 0;
			knownRegions = (
				en,
				Base,
			);
			mainGroup = 17E77D781BBA8D6500C27CF9;
			productRefGroup = 17E77D821BBA8D6500C27CF9 /* Products */;
			projectDirPath = "";
			projectRoot = "";
			targets = (
				17E77D801BBA8D6500C27CF9 /* Candy_Counter */,
				17E77D981BBA8D6600C27CF9 /* Candy_CounterTests */,
			);
		};
/* End PBXProject section */

/* Begin PBXResourcesBuildPhase section */
		17E77D7F1BBA8D6500C27CF9 /* Resources */ = {
			isa = PBXResourcesBuildPhase;
			buildActionMask = 2147483647;
			files = (
				17E77D8F1BBA8D6500C27CF9 /* Main.storyboard in Resources */,
				17E77D941BBA8D6500C27CF9 /* LaunchScreen.xib in Resources */,
				17E77D911BBA8D6500C27CF9 /* Images.xcassets in Resources */,
				17543D5B1BBBF08700AADDF9 /* true-crimes.ttf in Resources */,
			);
			runOnlyForDeploymentPostprocessing = 0;
		};
		17E77D971BBA8D6600C27CF9 /* Resources */ = {
			isa = PBXResourcesBuildPhase;
			buildActionMask = 2147483647;
			files = (
			);
			runOnlyForDeploymentPostprocessing = 0;
		};
/* End PBXResourcesBuildPhase section */

/* Begin PBXShellScriptBuildPhase section */
		035E08AC550D929DD2D790D1 /* Copy Pods Resources */ = {
			isa = PBXShellScriptBuildPhase;
			buildActionMask = 2147483647;
			files = (
			);
			inputPaths = (
			);
			name = "Copy Pods Resources";
			outputPaths = (
			);
			runOnlyForDeploymentPostprocessing = 0;
			shellPath = /bin/sh;
			shellScript = "\"${SRCROOT}/Pods/Target Support Files/Pods-Candy_Counter/Pods-Candy_Counter-resources.sh\"\n";
			showEnvVarsInLog = 0;
		};
		340A4AA2E29755921CF6965C /* Check Pods Manifest.lock */ = {
			isa = PBXShellScriptBuildPhase;
			buildActionMask = 2147483647;
			files = (
			);
			inputPaths = (
			);
			name = "Check Pods Manifest.lock";
			outputPaths = (
			);
			runOnlyForDeploymentPostprocessing = 0;
			shellPath = /bin/sh;
			shellScript = "diff \"${PODS_ROOT}/../Podfile.lock\" \"${PODS_ROOT}/Manifest.lock\" > /dev/null\nif [[ $? != 0 ]] ; then\n    cat << EOM\nerror: The sandbox is not in sync with the Podfile.lock. Run 'pod install' or update your CocoaPods installation.\nEOM\n    exit 1\nfi\n";
			showEnvVarsInLog = 0;
		};
/* End PBXShellScriptBuildPhase section */

/* Begin PBXSourcesBuildPhase section */
		17E77D7D1BBA8D6500C27CF9 /* Sources */ = {
			isa = PBXSourcesBuildPhase;
			buildActionMask = 2147483647;
			files = (
				17543D4F1BBBAAF400AADDF9 /* CandyTextField.swift in Sources */,
				173C46E31BBE92490033620A /* Candy.swift in Sources */,
				17543D511BBBE0C200AADDF9 /* ActivityIndicatorView.swift in Sources */,
				17543D5F1BBBF61500AADDF9 /* UIColor+Candy.swift in Sources */,
				17E77DB61BBAC62E00C27CF9 /* TreatsTotalView.swift in Sources */,
				17E77DB01BBAA31300C27CF9 /* CandyTypeController.swift in Sources */,
				1754D88E1BBCFF7400AFD6A0 /* InstagramManager.swift in Sources */,
				17543D5D1BBBF5EA00AADDF9 /* UIFont+Candy.swift in Sources */,
				17E77D8A1BBA8D6500C27CF9 /* Candy_Counter.xcdatamodeld in Sources */,
				174556411BBD68B6001F7B02 /* String+Candy.swift in Sources */,
				17E77DB21BBAA38500C27CF9 /* BaseController.swift in Sources */,
				1754D88C1BBCFD8500AFD6A0 /* Alert+Candy.swift in Sources */,
				17E77DB41BBABBEC00C27CF9 /* AddCandyController.swift in Sources */,
				17E77D871BBA8D6500C27CF9 /* AppDelegate.swift in Sources */,
				17543D651BBC2D0000AADDF9 /* ApiClient.swift in Sources */,
			);
			runOnlyForDeploymentPostprocessing = 0;
		};
		17E77D951BBA8D6600C27CF9 /* Sources */ = {
			isa = PBXSourcesBuildPhase;
			buildActionMask = 2147483647;
			files = (
				17E77DA01BBA8D6600C27CF9 /* Candy_CounterTests.swift in Sources */,
			);
			runOnlyForDeploymentPostprocessing = 0;
		};
/* End PBXSourcesBuildPhase section */

/* Begin PBXTargetDependency section */
		17E77D9B1BBA8D6600C27CF9 /* PBXTargetDependency */ = {
			isa = PBXTargetDependency;
			target = 17E77D801BBA8D6500C27CF9 /* Candy_Counter */;
			targetProxy = 17E77D9A1BBA8D6600C27CF9 /* PBXContainerItemProxy */;
		};
/* End PBXTargetDependency section */

/* Begin PBXVariantGroup section */
		17E77D8D1BBA8D6500C27CF9 /* Main.storyboard */ = {
			isa = PBXVariantGroup;
			children = (
				17E77D8E1BBA8D6500C27CF9 /* Base */,
			);
			name = Main.storyboard;
			path = ..;
			sourceTree = "<group>";
		};
		17E77D921BBA8D6500C27CF9 /* LaunchScreen.xib */ = {
			isa = PBXVariantGroup;
			children = (
				17E77D931BBA8D6500C27CF9 /* Base */,
			);
			name = LaunchScreen.xib;
			path = ..;
			sourceTree = "<group>";
		};
/* End PBXVariantGroup section */

/* Begin XCBuildConfiguration section */
		17E77DA11BBA8D6600C27CF9 /* Debug */ = {
			isa = XCBuildConfiguration;
			baseConfigurationReference = CE554476CCA592ECEB3B6299 /* Pods-Candy_Counter.debug.xcconfig */;
			buildSettings = {
				ALWAYS_SEARCH_USER_PATHS = NO;
				CLANG_CXX_LANGUAGE_STANDARD = "gnu++0x";
				CLANG_CXX_LIBRARY = "libc++";
				CLANG_ENABLE_MODULES = YES;
				CLANG_ENABLE_OBJC_ARC = YES;
				CLANG_WARN_BOOL_CONVERSION = YES;
				CLANG_WARN_CONSTANT_CONVERSION = YES;
				CLANG_WARN_DIRECT_OBJC_ISA_USAGE = YES_ERROR;
				CLANG_WARN_EMPTY_BODY = YES;
				CLANG_WARN_ENUM_CONVERSION = YES;
				CLANG_WARN_INT_CONVERSION = YES;
				CLANG_WARN_OBJC_ROOT_CLASS = YES_ERROR;
				CLANG_WARN_UNREACHABLE_CODE = YES;
				CLANG_WARN__DUPLICATE_METHOD_MATCH = YES;
				CODE_SIGN_IDENTITY = "iPhone Distribution: OCUS Corporation (83U27DZH5K)";
				"CODE_SIGN_IDENTITY[sdk=iphoneos*]" = "iPhone Distribution: OCUS Corporation (83U27DZH5K)";
				COPY_PHASE_STRIP = NO;
				DEBUG_INFORMATION_FORMAT = "dwarf-with-dsym";
				ENABLE_STRICT_OBJC_MSGSEND = YES;
				GCC_C_LANGUAGE_STANDARD = gnu99;
				GCC_DYNAMIC_NO_PIC = NO;
				GCC_NO_COMMON_BLOCKS = YES;
				GCC_OPTIMIZATION_LEVEL = 0;
				GCC_PRECOMPILE_PREFIX_HEADER = YES;
				GCC_PREFIX_HEADER = "$(SRCROOT)/Candy_Counter/Candy-Prefix.pch";
				GCC_PREPROCESSOR_DEFINITIONS = (
					"DEBUG=1",
					"$(inherited)",
				);
				GCC_SYMBOLS_PRIVATE_EXTERN = NO;
				GCC_WARN_64_TO_32_BIT_CONVERSION = YES;
				GCC_WARN_ABOUT_RETURN_TYPE = YES_ERROR;
				GCC_WARN_UNDECLARED_SELECTOR = YES;
				GCC_WARN_UNINITIALIZED_AUTOS = YES_AGGRESSIVE;
				GCC_WARN_UNUSED_FUNCTION = YES;
				GCC_WARN_UNUSED_VARIABLE = YES;
				IPHONEOS_DEPLOYMENT_TARGET = 8.4;
				MTL_ENABLE_DEBUG_INFO = YES;
				ONLY_ACTIVE_ARCH = YES;
				PROVISIONING_PROFILE = "6885cd94-9fe4-4b42-9cbb-e4f84d53f881";
				SDKROOT = iphoneos;
				SWIFT_OBJC_BRIDGING_HEADER = "$(SRCROOT)/Candy_Counter/Candy-Bridging.h";
				SWIFT_OPTIMIZATION_LEVEL = "-Onone";
				TARGETED_DEVICE_FAMILY = "1,2";
			};
			name = Debug;
		};
		17E77DA21BBA8D6600C27CF9 /* Release */ = {
			isa = XCBuildConfiguration;
			baseConfigurationReference = 88836399287A043E7E927337 /* Pods-Candy_Counter.release.xcconfig */;
			buildSettings = {
				ALWAYS_SEARCH_USER_PATHS = NO;
				CLANG_CXX_LANGUAGE_STANDARD = "gnu++0x";
				CLANG_CXX_LIBRARY = "libc++";
				CLANG_ENABLE_MODULES = YES;
				CLANG_ENABLE_OBJC_ARC = YES;
				CLANG_WARN_BOOL_CONVERSION = YES;
				CLANG_WARN_CONSTANT_CONVERSION = YES;
				CLANG_WARN_DIRECT_OBJC_ISA_USAGE = YES_ERROR;
				CLANG_WARN_EMPTY_BODY = YES;
				CLANG_WARN_ENUM_CONVERSION = YES;
				CLANG_WARN_INT_CONVERSION = YES;
				CLANG_WARN_OBJC_ROOT_CLASS = YES_ERROR;
				CLANG_WARN_UNREACHABLE_CODE = YES;
				CLANG_WARN__DUPLICATE_METHOD_MATCH = YES;
				CODE_SIGN_IDENTITY = "iPhone Distribution: OCUS Corporation (83U27DZH5K)";
				"CODE_SIGN_IDENTITY[sdk=iphoneos*]" = "iPhone Distribution: OCUS Corporation (83U27DZH5K)";
				COPY_PHASE_STRIP = NO;
				DEBUG_INFORMATION_FORMAT = "dwarf-with-dsym";
				ENABLE_NS_ASSERTIONS = NO;
				ENABLE_STRICT_OBJC_MSGSEND = YES;
				GCC_C_LANGUAGE_STANDARD = gnu99;
				GCC_NO_COMMON_BLOCKS = YES;
				GCC_PRECOMPILE_PREFIX_HEADER = YES;
				GCC_PREFIX_HEADER = "$(SRCROOT)/Candy_Counter/Candy-Prefix.pch";
				GCC_WARN_64_TO_32_BIT_CONVERSION = YES;
				GCC_WARN_ABOUT_RETURN_TYPE = YES_ERROR;
				GCC_WARN_UNDECLARED_SELECTOR = YES;
				GCC_WARN_UNINITIALIZED_AUTOS = YES_AGGRESSIVE;
				GCC_WARN_UNUSED_FUNCTION = YES;
				GCC_WARN_UNUSED_VARIABLE = YES;
				IPHONEOS_DEPLOYMENT_TARGET = 8.4;
				MTL_ENABLE_DEBUG_INFO = NO;
				PROVISIONING_PROFILE = "6885cd94-9fe4-4b42-9cbb-e4f84d53f881";
				SDKROOT = iphoneos;
				SWIFT_OBJC_BRIDGING_HEADER = "$(SRCROOT)/Candy_Counter/Candy-Bridging.h";
				TARGETED_DEVICE_FAMILY = "1,2";
				VALIDATE_PRODUCT = YES;
			};
			name = Release;
		};
		17E77DA41BBA8D6600C27CF9 /* Debug */ = {
			isa = XCBuildConfiguration;
			baseConfigurationReference = CE554476CCA592ECEB3B6299 /* Pods-Candy_Counter.debug.xcconfig */;
			buildSettings = {
				ASSETCATALOG_COMPILER_APPICON_NAME = AppIcon;
				ASSETCATALOG_COMPILER_LAUNCHIMAGE_NAME = LaunchImage;
				CODE_SIGN_IDENTITY = "iPhone Distribution: mayank jaimini (CW6QM3K6LP)";
				"CODE_SIGN_IDENTITY[sdk=iphoneos*]" = "iPhone Distribution: mayank jaimini (CW6QM3K6LP)";
				GCC_PRECOMPILE_PREFIX_HEADER = YES;
				GCC_PREFIX_HEADER = "$(SRCROOT)/Candy_Counter/Candy-Prefix.pch";
				INFOPLIST_FILE = Candy_Counter/Info.plist;
				LD_RUNPATH_SEARCH_PATHS = "$(inherited) @executable_path/Frameworks";
				PRODUCT_NAME = "$(TARGET_NAME)";
				PROVISIONING_PROFILE = "6885cd94-9fe4-4b42-9cbb-e4f84d53f881";
				SWIFT_OBJC_BRIDGING_HEADER = "$(SRCROOT)/Candy_Counter/Candy-Bridging.h";
			};
			name = Debug;
		};
		17E77DA51BBA8D6600C27CF9 /* Release */ = {
			isa = XCBuildConfiguration;
			baseConfigurationReference = 88836399287A043E7E927337 /* Pods-Candy_Counter.release.xcconfig */;
			buildSettings = {
				ASSETCATALOG_COMPILER_APPICON_NAME = AppIcon;
				ASSETCATALOG_COMPILER_LAUNCHIMAGE_NAME = LaunchImage;
				CODE_SIGN_IDENTITY = "iPhone Distribution: mayank jaimini (CW6QM3K6LP)";
				"CODE_SIGN_IDENTITY[sdk=iphoneos*]" = "iPhone Distribution: mayank jaimini (CW6QM3K6LP)";
				GCC_PRECOMPILE_PREFIX_HEADER = YES;
				GCC_PREFIX_HEADER = "$(SRCROOT)/Candy_Counter/Candy-Prefix.pch";
				INFOPLIST_FILE = Candy_Counter/Info.plist;
				LD_RUNPATH_SEARCH_PATHS = "$(inherited) @executable_path/Frameworks";
				PRODUCT_NAME = "$(TARGET_NAME)";
				PROVISIONING_PROFILE = "6885cd94-9fe4-4b42-9cbb-e4f84d53f881";
				SWIFT_OBJC_BRIDGING_HEADER = "$(SRCROOT)/Candy_Counter/Candy-Bridging.h";
			};
			name = Release;
		};
		17E77DA71BBA8D6600C27CF9 /* Debug */ = {
			isa = XCBuildConfiguration;
			buildSettings = {
				BUNDLE_LOADER = "$(TEST_HOST)";
				CODE_SIGN_IDENTITY = "";
				FRAMEWORK_SEARCH_PATHS = (
					"$(SDKROOT)/Developer/Library/Frameworks",
					"$(inherited)",
				);
				GCC_PREPROCESSOR_DEFINITIONS = (
					"DEBUG=1",
					"$(inherited)",
				);
				INFOPLIST_FILE = Candy_CounterTests/Info.plist;
				LD_RUNPATH_SEARCH_PATHS = "$(inherited) @executable_path/Frameworks @loader_path/Frameworks";
				PRODUCT_NAME = "$(TARGET_NAME)";
				PROVISIONING_PROFILE = "";
				TEST_HOST = "$(BUILT_PRODUCTS_DIR)/Candy_Counter.app/Candy_Counter";
			};
			name = Debug;
		};
		17E77DA81BBA8D6600C27CF9 /* Release */ = {
			isa = XCBuildConfiguration;
			buildSettings = {
				BUNDLE_LOADER = "$(TEST_HOST)";
				CODE_SIGN_IDENTITY = "";
				FRAMEWORK_SEARCH_PATHS = (
					"$(SDKROOT)/Developer/Library/Frameworks",
					"$(inherited)",
				);
				INFOPLIST_FILE = Candy_CounterTests/Info.plist;
				LD_RUNPATH_SEARCH_PATHS = "$(inherited) @executable_path/Frameworks @loader_path/Frameworks";
				PRODUCT_NAME = "$(TARGET_NAME)";
				PROVISIONING_PROFILE = "";
				TEST_HOST = "$(BUILT_PRODUCTS_DIR)/Candy_Counter.app/Candy_Counter";
			};
			name = Release;
		};
/* End XCBuildConfiguration section */

/* Begin XCConfigurationList section */
		17E77D7C1BBA8D6500C27CF9 /* Build configuration list for PBXProject "Candy_Counter" */ = {
			isa = XCConfigurationList;
			buildConfigurations = (
				17E77DA11BBA8D6600C27CF9 /* Debug */,
				17E77DA21BBA8D6600C27CF9 /* Release */,
			);
			defaultConfigurationIsVisible = 0;
			defaultConfigurationName = Release;
		};
		17E77DA31BBA8D6600C27CF9 /* Build configuration list for PBXNativeTarget "Candy_Counter" */ = {
			isa = XCConfigurationList;
			buildConfigurations = (
				17E77DA41BBA8D6600C27CF9 /* Debug */,
				17E77DA51BBA8D6600C27CF9 /* Release */,
			);
			defaultConfigurationIsVisible = 0;
			defaultConfigurationName = Release;
		};
		17E77DA61BBA8D6600C27CF9 /* Build configuration list for PBXNativeTarget "Candy_CounterTests" */ = {
			isa = XCConfigurationList;
			buildConfigurations = (
				17E77DA71BBA8D6600C27CF9 /* Debug */,
				17E77DA81BBA8D6600C27CF9 /* Release */,
			);
			defaultConfigurationIsVisible = 0;
			defaultConfigurationName = Release;
		};
/* End XCConfigurationList section */

/* Begin XCVersionGroup section */
		17E77D881BBA8D6500C27CF9 /* Candy_Counter.xcdatamodeld */ = {
			isa = XCVersionGroup;
			children = (
				17E77D891BBA8D6500C27CF9 /* Candy_Counter.xcdatamodel */,
			);
			currentVersion = 17E77D891BBA8D6500C27CF9 /* Candy_Counter.xcdatamodel */;
			path = Candy_Counter.xcdatamodeld;
			sourceTree = "<group>";
			versionGroupType = wrapper.xcdatamodel;
		};
/* End XCVersionGroup section */
	};
	rootObject = 17E77D791BBA8D6500C27CF9 /* Project object */;
}
